// !$*UTF8*$!
{
	archiveVersion = 1;
	classes = {
	};
	objectVersion = 56;
	objects = {

/* Begin PBXBuildFile section */
		'CACHEDIMGBUILD0000' = {isa = PBXBuildFile; fileRef = 'CACHEDIMGFILE00000'; };
		'SECRETSMANAGERBUILD000' /* SecretsManager.swift in Sources */ = {isa = PBXBuildFile; fileRef = 'SECRETSMANAGERFILE0000' /* SecretsManager.swift */; };
		120D914AC37DA0B3BB2093EA /* MadiniaHubView.swift in Sources */ = {isa = PBXBuildFile; fileRef = 3C111D8DAAA40A220EC343BF /* MadiniaHubView.swift */; };
		217C8F16F8C246BD992013C2 /* SavedFormationsView.swift in Sources */ = {isa = PBXBuildFile; fileRef = EEEF31CFE1B54B64B1C9632B /* SavedFormationsView.swift */; };
		36B78635747049BFA5AB1A9D /* ServiceDetailView.swift in Sources */ = {isa = PBXBuildFile; fileRef = BBB02D656A044D26A0789F00 /* ServiceDetailView.swift */; };
		4F5CF21489ED4D3B91C9168A /* SearchViewModel.swift in Sources */ = {isa = PBXBuildFile; fileRef = 1AABB2D1FCAE4F0584974B1C /* SearchViewModel.swift */; };
		69F0DABE1A1A44B2A391906B /* AllServicesListView.swift in Sources */ = {isa = PBXBuildFile; fileRef = 7C73721984AE4C4D9B120091 /* AllServicesListView.swift */; };
		74ADBB69B67E440599A5D0A1 /* Services/PreRegistrationsService.swift in Sources */ = {isa = PBXBuildFile; fileRef = 0AF68241339949EBB1EF3EDF /* Services/PreRegistrationsService.swift */; };
		7802C29E2F25281B00EE8B5D /* Assets.xcassets in Resources */ = {isa = PBXBuildFile; fileRef = 7802C29D2F25281B00EE8B5D /* Assets.xcassets */; };
		787FE2E2847049AF8BF794F8 /* Service.swift in Sources */ = {isa = PBXBuildFile; fileRef = 3F77A683D12C49159C9B01BC /* Service.swift */; };
		83ECEFB2D96349D7B60F1E53 /* ViewModels/MyPreRegistrationsViewModel.swift in Sources */ = {isa = PBXBuildFile; fileRef = A082AA394C634C269594E699 /* ViewModels/MyPreRegistrationsViewModel.swift */; };
		87314FFCBC84AAFE8F8CAD68 /* WhatsNewView.swift in Sources */ = {isa = PBXBuildFile; fileRef = 78C74B18ADD267417F296DFF /* WhatsNewView.swift */; };
		8D3BF7B2358241BEB78E6069 /* Views/UserSpace/MyPreRegistrationsView.swift in Sources */ = {isa = PBXBuildFile; fileRef = 5B05CA648DDB49F8BA3204D0 /* Views/UserSpace/MyPreRegistrationsView.swift */; };
		8D4009FECA844FC4898C72BA /* SearchView.swift in Sources */ = {isa = PBXBuildFile; fileRef = 5D498316447A40F1BCD95A1A /* SearchView.swift */; };
		9CDBDDF55D8D49A7B70A7FAB /* ServiceCard.swift in Sources */ = {isa = PBXBuildFile; fileRef = 7D014559F2844681BFBBA16E /* ServiceCard.swift */; };
		A11111111111111111111111 /* MadiniaApp.swift in Sources */ = {isa = PBXBuildFile; fileRef = A22222222222222222222222 /* MadiniaApp.swift */; };
		A33333333333333333333333 /* ContentView.swift in Sources */ = {isa = PBXBuildFile; fileRef = A44444444444444444444444 /* ContentView.swift */; };
		A5BA44DE02E14CA29F52FABB /* CategoryListView.swift in Sources */ = {isa = PBXBuildFile; fileRef = 6183133022A04548810955CC /* CategoryListView.swift */; };
		A8F7E8E079BF4CC1B341A115 /* FormationRowCard.swift in Sources */ = {isa = PBXBuildFile; fileRef = B1D3DCDFE34F48409F3F3A81 /* FormationRowCard.swift */; };
		'ALLFORMATIONSBUILD000' = {isa = PBXBuildFile; fileRef = ALLFORMATIONSFILE0000; };
		'APIERRORBUILD0000000000' = {isa = PBXBuildFile; fileRef = APIERRORFILE00000000000; };
		'APISERVICEBUILD00000000' = {isa = PBXBuildFile; fileRef = APISERVICEFILE000000000; };
		'APISERVICETESTBUILD000' = {isa = PBXBuildFile; fileRef = APISERVICETESTFILE00000; };
		'APPDATAREPOBUILD00000' = {isa = PBXBuildFile; fileRef = APPDATAREPOFILE000000; };
		'APPDELEGATEBUILD000' = {isa = PBXBuildFile; fileRef = APPDELEGATEFILE0000; };
		'APPEARANCESETTBUILD0' = {isa = PBXBuildFile; fileRef = APPEARANCESETTFILE00; };
		'APPROOTVIEWBUILD00' = {isa = PBXBuildFile; fileRef = APPROOTVIEWFILE000; };
		'ARTICLEBUILD0000000000' = {isa = PBXBuildFile; fileRef = ARTICLEFILE00000000000; };
		'ARTICLECARDBUILD00000' = {isa = PBXBuildFile; fileRef = ARTICLECARDFILE000000; };
		'ARTICLEDETAILBUILD000' = {isa = PBXBuildFile; fileRef = ARTICLEDETAILFILE0000; };
		B348C4CE47024C2DBAA7444A /* Models/PreRegistration.swift in Sources */ = {isa = PBXBuildFile; fileRef = 425DA60DAEB04458BF3A5B66 /* Models/PreRegistration.swift */; };
		B7CDF691054E454FA0AFA335 /* FavoritesService.swift in Sources */ = {isa = PBXBuildFile; fileRef = 466E55312EFD4331B801A836 /* FavoritesService.swift */; };
		BB7138A4957A4D56BA0AA952 /* SectionHeader.swift in Sources */ = {isa = PBXBuildFile; fileRef = C253FBE3FF0F4042BFF8302C /* SectionHeader.swift */; };
		'BLOGVIEWBUILD0000000000' = {isa = PBXBuildFile; fileRef = BLOGVIEWFILE00000000000; };
		'BLOGVMBUILD0000000000' = {isa = PBXBuildFile; fileRef = BLOGVMFILE0000000000; };
		'CACHESERVICEBUILD0000' = {isa = PBXBuildFile; fileRef = CACHESERVICEFILE00000; };
		'CATEGORYCARDBUILD00' = {isa = PBXBuildFile; fileRef = CATEGORYCARDFILE000; };
		'CATEGORYCHIPBUILD000' = {isa = PBXBuildFile; fileRef = CATEGORYCHIPFILE0000; };
		'CATEGORYSECBUILD000' = {isa = PBXBuildFile; fileRef = CATEGORYSECFILE0000; };
		'CATGRIDCARDBUILD00' = {isa = PBXBuildFile; fileRef = CATGRIDCARDFILE000; };
		'CATGRIDVIEWBUILD00' = {isa = PBXBuildFile; fileRef = CATGRIDVIEWFILE000; };
		CB31545E9DF24F888D55BA95 /* SavedFormationsViewModel.swift in Sources */ = {isa = PBXBuildFile; fileRef = B78438CEFE60455485D725F3 /* SavedFormationsViewModel.swift */; };
		'COLORHEXBUILD00000000' = {isa = PBXBuildFile; fileRef = COLORHEXFILE000000000; };
		'CONTACTVMBUILD000000' = {isa = PBXBuildFile; fileRef = CONTACTVMFILE0000000; };
		'CONTVIEWBUILD0000000000' = {isa = PBXBuildFile; fileRef = CONTVIEWFILE00000000000; };
		D148476D9791FA5CB58144EE /* WhatsNewService.swift in Sources */ = {isa = PBXBuildFile; fileRef = 90D64EDFBEA83B2F3D432B44 /* WhatsNewService.swift */; };
		'DEEPLINKSERVBUILD00' = {isa = PBXBuildFile; fileRef = DEEPLINKSERVFILE000; };
		'DESIGNSYSTEMBUILD00' = {isa = PBXBuildFile; fileRef = DESIGNSYSTEMFILE000; };
		E938F1489C664B0886221C5D /* SearchBar.swift in Sources */ = {isa = PBXBuildFile; fileRef = D27672990C3B42CCB1D283F0 /* SearchBar.swift */; };
		'EMAILVALIDBUILD00000' = {isa = PBXBuildFile; fileRef = EMAILVALIDFILE000000; };
		'ERRORVIEWBUILD000000000' = {isa = PBXBuildFile; fileRef = ERRORVIEWFILE0000000000; };
		'FORMATIONBUILD000000000' = {isa = PBXBuildFile; fileRef = FORMATIONFILE0000000000; };
		'FORMATIONTESTBUILD00000' = {isa = PBXBuildFile; fileRef = FORMATIONTESTFILE000000; };
		'FORMCARDBUILD00000000' = {isa = PBXBuildFile; fileRef = FORMCARDFILE000000000; };
		'FORMDETAILBUILD000000' = {isa = PBXBuildFile; fileRef = FORMDETAILFILE0000000; };
		'FORMREPOBUILD000000' = {isa = PBXBuildFile; fileRef = FORMREPOFILE0000000; };
		'FORMVIEWBUILD0000000000' = {isa = PBXBuildFile; fileRef = FORMVIEWFILE00000000000; };
		'FORMVMFILEBUILD000000' = {isa = PBXBuildFile; fileRef = FORMVMFILE0000000000; };
		'FORMVMTESTBUILD000000' = {isa = PBXBuildFile; fileRef = FORMVMTESTFILE0000000; };
		'FULLSCREENIMGBUILD000' = {isa = PBXBuildFile; fileRef = FULLSCREENIMGFILE0000; };
		'HIGHLIGHTCARDBUILD0000' = {isa = PBXBuildFile; fileRef = HIGHLIGHTCARDFILE00000; };
		'HOMEVIEWBUILD0000000000' = {isa = PBXBuildFile; fileRef = HOMEVIEWFILE00000000000; };
		'HOMEVIEWMODELBUILD0000' = {isa = PBXBuildFile; fileRef = HOMEVIEWMODELFILE00000; };
		'HOMEVMTESTBUILD0000000' = {isa = PBXBuildFile; fileRef = HOMEVMTESTFILE00000000; };
		'INFOBADGEBUILD0000000' = {isa = PBXBuildFile; fileRef = INFOBADGEFILE00000000; };
		'LOADINGVIEWBUILD000000' = {isa = PBXBuildFile; fileRef = LOADINGVIEWFILE0000000; };
		'LOADSTATEBUILD000000000' = {isa = PBXBuildFile; fileRef = LOADSTATEFILE0000000000; };
		'MADICHATVIEWBUILD00' = {isa = PBXBuildFile; fileRef = MADICHATVIEWFILE0000; };
		'MADICHATVMBUILD00000' = {isa = PBXBuildFile; fileRef = MADICHATVMFILE000000; };
		'MADIFABBUILD00000000' = {isa = PBXBuildFile; fileRef = MADIFABFILE000000000; };
		'MADIMSGBUILD00000000' = {isa = PBXBuildFile; fileRef = MADIMSGFILE000000000; };
		'MADISERVICEBUILD0000' = {isa = PBXBuildFile; fileRef = MADISERVICEFILE00000; };
		'MAINTABBUILD00000000000' = {isa = PBXBuildFile; fileRef = MAINTABFILE000000000000; };
		'MAINTABTESTBUILD000000' = {isa = PBXBuildFile; fileRef = MAINTABTESTFILE0000000; };
		'NAVCONTEXTBUILD00000' = {isa = PBXBuildFile; fileRef = NAVCONTEXTFILE000000; };
		'NOTIFSETTINGSBUILD0' = {isa = PBXBuildFile; fileRef = NOTIFSETTINGSFILE00; };
		'PERMPROMPTBUILD0000' = {isa = PBXBuildFile; fileRef = PERMPROMPTFILE00000; };
		'PREREGVIEWBUILD00000' = {isa = PBXBuildFile; fileRef = PREREGVIEWFILE000000; };
		'PREREGVMBUILD0000000' = {isa = PBXBuildFile; fileRef = PREREGVMFILE00000000; };
		'PROGRESSPATHBUILD0000' = {isa = PBXBuildFile; fileRef = PROGRESSPATHFILE00000; };
		'PROGRESSPATHTESTBUILD' = {isa = PBXBuildFile; fileRef = PROGRESSPATHTESTFILE0; };
		'PUSHSERVICEBUILD000' = {isa = PBXBuildFile; fileRef = PUSHSERVICEFILE0000; };
		'QUICKACCESSBUILD000000' = {isa = PBXBuildFile; fileRef = QUICKACCESSFILE0000000; };
		'SETTINGSVIEWBUILD000' = {isa = PBXBuildFile; fileRef = SETTINGSVIEWFILE0000; };
		'SPLASHVIEWBUILD0000' = {isa = PBXBuildFile; fileRef = SPLASHVIEWFILE00000; };
		'TEASERCAROUSELBUILD00' = {isa = PBXBuildFile; fileRef = TEASERCAROUSELFILE000; };
		'THEMEMANAGERBUILD000' = {isa = PBXBuildFile; fileRef = THEMEMANAGERFILE0000; };
		'TOPRATEDCARDBUILD0' = {isa = PBXBuildFile; fileRef = TOPRATEDCARDFILE00; };
		'TOPRATEDSECBUILD00' = {isa = PBXBuildFile; fileRef = TOPRATEDSECFILE000; };
		'UNIFIEDDETAILBUILD000' = {isa = PBXBuildFile; fileRef = UNIFIEDDETAILFILE0000; };
		'USERSPACEVIEWBUILD00' = {isa = PBXBuildFile; fileRef = USERSPACEVIEWFILE000; };
		'WELCOMESECTIONBUILD00' = {isa = PBXBuildFile; fileRef = WELCOMESECTIONFILE000; };
/* End PBXBuildFile section */

/* Begin PBXContainerItemProxy section */
		'TESTCONTAINERPROXY0000' = {
			isa = PBXContainerItemProxy;
			containerPortal = PROJECTROOT000000000000;
			proxyType = 1;
			remoteGlobalIDString = A99999999999999999999999;
			remoteInfo = MadiniaApp;
		};
/* End PBXContainerItemProxy section */

/* Begin PBXFileReference section */
		'CACHEDIMGFILE00000' = {isa = PBXFileReference; lastKnownFileType = sourcecode.swift; path = CachedAsyncImage.swift; sourceTree = "<group>"; };
		0AF68241339949EBB1EF3EDF /* Services/PreRegistrationsService.swift */ = {isa = PBXFileReference; lastKnownFileType = sourcecode.swift; path = Services/PreRegistrationsService.swift; sourceTree = "<group>"; };
		1AABB2D1FCAE4F0584974B1C /* SearchViewModel.swift */ = {isa = PBXFileReference; lastKnownFileType = sourcecode.swift; path = SearchViewModel.swift; sourceTree = "<group>"; };
		3C111D8DAAA40A220EC343BF /* MadiniaHubView.swift */ = {isa = PBXFileReference; lastKnownFileType = sourcecode.swift; path = MadiniaHubView.swift; sourceTree = "<group>"; };
		3F77A683D12C49159C9B01BC /* Service.swift */ = {isa = PBXFileReference; lastKnownFileType = sourcecode.swift; path = Service.swift; sourceTree = "<group>"; };
		425DA60DAEB04458BF3A5B66 /* Models/PreRegistration.swift */ = {isa = PBXFileReference; lastKnownFileType = sourcecode.swift; path = Models/PreRegistration.swift; sourceTree = "<group>"; };
		466E55312EFD4331B801A836 /* FavoritesService.swift */ = {isa = PBXFileReference; lastKnownFileType = sourcecode.swift; path = FavoritesService.swift; sourceTree = "<group>"; };
		5B05CA648DDB49F8BA3204D0 /* Views/UserSpace/MyPreRegistrationsView.swift */ = {isa = PBXFileReference; lastKnownFileType = sourcecode.swift; path = Views/UserSpace/MyPreRegistrationsView.swift; sourceTree = "<group>"; };
		5D498316447A40F1BCD95A1A /* SearchView.swift */ = {isa = PBXFileReference; lastKnownFileType = sourcecode.swift; path = SearchView.swift; sourceTree = "<group>"; };
		6183133022A04548810955CC /* CategoryListView.swift */ = {isa = PBXFileReference; lastKnownFileType = sourcecode.swift; path = CategoryListView.swift; sourceTree = "<group>"; };
		7802C29D2F25281B00EE8B5D /* Assets.xcassets */ = {isa = PBXFileReference; lastKnownFileType = folder.assetcatalog; path = Assets.xcassets; sourceTree = "<group>"; };
		78C74B18ADD267417F296DFF /* WhatsNewView.swift */ = {isa = PBXFileReference; lastKnownFileType = sourcecode.swift; name = WhatsNewView.swift; path = Views/Settings/WhatsNewView.swift; sourceTree = SOURCE_ROOT; };
		7C73721984AE4C4D9B120091 /* AllServicesListView.swift */ = {isa = PBXFileReference; lastKnownFileType = sourcecode.swift; path = AllServicesListView.swift; sourceTree = "<group>"; };
		7D014559F2844681BFBBA16E /* ServiceCard.swift */ = {isa = PBXFileReference; lastKnownFileType = sourcecode.swift; path = ServiceCard.swift; sourceTree = "<group>"; };
		90D64EDFBEA83B2F3D432B44 /* WhatsNewService.swift */ = {isa = PBXFileReference; lastKnownFileType = sourcecode.swift; name = WhatsNewService.swift; path = Services/WhatsNewService.swift; sourceTree = SOURCE_ROOT; };
		A082AA394C634C269594E699 /* ViewModels/MyPreRegistrationsViewModel.swift */ = {isa = PBXFileReference; lastKnownFileType = sourcecode.swift; path = ViewModels/MyPreRegistrationsViewModel.swift; sourceTree = "<group>"; };
		A22222222222222222222222 /* MadiniaApp.swift */ = {isa = PBXFileReference; lastKnownFileType = sourcecode.swift; path = MadiniaApp.swift; sourceTree = "<group>"; };
		A44444444444444444444444 /* ContentView.swift */ = {isa = PBXFileReference; lastKnownFileType = sourcecode.swift; path = ContentView.swift; sourceTree = "<group>"; };
		A55555555555555555555555 /* MadiniaApp.app */ = {isa = PBXFileReference; explicitFileType = wrapper.application; includeInIndex = 0; path = MadiniaApp.app; sourceTree = BUILT_PRODUCTS_DIR; };
		'ALLFORMATIONSFILE0000' = {isa = PBXFileReference; lastKnownFileType = sourcecode.swift; path = AllFormationsListView.swift; sourceTree = "<group>"; };
		'APIERRORFILE00000000000' = {isa = PBXFileReference; lastKnownFileType = sourcecode.swift; path = APIError.swift; sourceTree = "<group>"; };
		'SECRETSMANAGERFILE0000' = {isa = PBXFileReference; lastKnownFileType = sourcecode.swift; path = SecretsManager.swift; sourceTree = "<group>"; };
		'APISERVICEFILE000000000' = {isa = PBXFileReference; lastKnownFileType = sourcecode.swift; path = APIService.swift; sourceTree = "<group>"; };
		'APISERVICETESTFILE00000' = {isa = PBXFileReference; lastKnownFileType = sourcecode.swift; path = APIServiceTests.swift; sourceTree = "<group>"; };
		'APPDATAREPOFILE000000' = {isa = PBXFileReference; lastKnownFileType = sourcecode.swift; path = AppDataRepository.swift; sourceTree = "<group>"; };
		'APPDELEGATEFILE0000' = {isa = PBXFileReference; lastKnownFileType = sourcecode.swift; path = AppDelegate.swift; sourceTree = "<group>"; };
		'APPEARANCESETTFILE00' = {isa = PBXFileReference; lastKnownFileType = sourcecode.swift; path = AppearanceSettingsView.swift; sourceTree = "<group>"; };
		'APPROOTVIEWFILE000' = {isa = PBXFileReference; lastKnownFileType = sourcecode.swift; path = AppRootView.swift; sourceTree = "<group>"; };
		'ARTICLECARDFILE000000' = {isa = PBXFileReference; lastKnownFileType = sourcecode.swift; path = ArticleCard.swift; sourceTree = "<group>"; };
		'ARTICLEDETAILFILE0000' = {isa = PBXFileReference; lastKnownFileType = sourcecode.swift; path = ArticleDetailView.swift; sourceTree = "<group>"; };
		'ARTICLEFILE00000000000' = {isa = PBXFileReference; lastKnownFileType = sourcecode.swift; path = Article.swift; sourceTree = "<group>"; };
		B1D3DCDFE34F48409F3F3A81 /* FormationRowCard.swift */ = {isa = PBXFileReference; lastKnownFileType = sourcecode.swift; path = FormationRowCard.swift; sourceTree = "<group>"; };
		B78438CEFE60455485D725F3 /* SavedFormationsViewModel.swift */ = {isa = PBXFileReference; lastKnownFileType = sourcecode.swift; path = SavedFormationsViewModel.swift; sourceTree = "<group>"; };
		BBB02D656A044D26A0789F00 /* ServiceDetailView.swift */ = {isa = PBXFileReference; lastKnownFileType = sourcecode.swift; path = ServiceDetailView.swift; sourceTree = "<group>"; };
		'BLOGVIEWFILE00000000000' = {isa = PBXFileReference; lastKnownFileType = sourcecode.swift; path = BlogView.swift; sourceTree = "<group>"; };
		'BLOGVMFILE0000000000' = {isa = PBXFileReference; lastKnownFileType = sourcecode.swift; path = BlogViewModel.swift; sourceTree = "<group>"; };
		C253FBE3FF0F4042BFF8302C /* SectionHeader.swift */ = {isa = PBXFileReference; lastKnownFileType = sourcecode.swift; path = SectionHeader.swift; sourceTree = "<group>"; };
		'CACHESERVICEFILE00000' = {isa = PBXFileReference; lastKnownFileType = sourcecode.swift; path = CacheService.swift; sourceTree = "<group>"; };
		'CATEGORYCARDFILE000' = {isa = PBXFileReference; lastKnownFileType = sourcecode.swift; path = CategoryCard.swift; sourceTree = "<group>"; };
		'CATEGORYCHIPFILE0000' = {isa = PBXFileReference; lastKnownFileType = sourcecode.swift; path = CategoryChip.swift; sourceTree = "<group>"; };
		'CATEGORYSECFILE0000' = {isa = PBXFileReference; lastKnownFileType = sourcecode.swift; path = CategoriesSection.swift; sourceTree = "<group>"; };
		'CATGRIDCARDFILE000' = {isa = PBXFileReference; lastKnownFileType = sourcecode.swift; path = CategoryGridCard.swift; sourceTree = "<group>"; };
		'CATGRIDVIEWFILE000' = {isa = PBXFileReference; lastKnownFileType = sourcecode.swift; path = CategoriesGridView.swift; sourceTree = "<group>"; };
		'COLORHEXFILE000000000' = {isa = PBXFileReference; lastKnownFileType = sourcecode.swift; path = "Color+Hex.swift"; sourceTree = "<group>"; };
		'CONTACTVMFILE0000000' = {isa = PBXFileReference; lastKnownFileType = sourcecode.swift; path = ContactViewModel.swift; sourceTree = "<group>"; };
		'CONTVIEWFILE00000000000' = {isa = PBXFileReference; lastKnownFileType = sourcecode.swift; path = ContactView.swift; sourceTree = "<group>"; };
		D27672990C3B42CCB1D283F0 /* SearchBar.swift */ = {isa = PBXFileReference; lastKnownFileType = sourcecode.swift; path = SearchBar.swift; sourceTree = "<group>"; };
		'DEEPLINKSERVFILE000' = {isa = PBXFileReference; lastKnownFileType = sourcecode.swift; path = DeepLinkService.swift; sourceTree = "<group>"; };
		'DESIGNSYSTEMFILE000' = {isa = PBXFileReference; lastKnownFileType = sourcecode.swift; path = DesignSystem.swift; sourceTree = "<group>"; };
		EEEF31CFE1B54B64B1C9632B /* SavedFormationsView.swift */ = {isa = PBXFileReference; lastKnownFileType = sourcecode.swift; path = SavedFormationsView.swift; sourceTree = "<group>"; };
		'EMAILVALIDFILE000000' = {isa = PBXFileReference; lastKnownFileType = sourcecode.swift; path = EmailValidator.swift; sourceTree = "<group>"; };
		'ENTITLEMENTSFILE000' = {isa = PBXFileReference; lastKnownFileType = text.plist.entitlements; path = MadiniaApp.entitlements; sourceTree = "<group>"; };
		'ERRORVIEWFILE0000000000' = {isa = PBXFileReference; lastKnownFileType = sourcecode.swift; path = ErrorView.swift; sourceTree = "<group>"; };
		'FORMATIONFILE0000000000' = {isa = PBXFileReference; lastKnownFileType = sourcecode.swift; path = Formation.swift; sourceTree = "<group>"; };
		'FORMATIONTESTFILE000000' = {isa = PBXFileReference; lastKnownFileType = sourcecode.swift; path = FormationTests.swift; sourceTree = "<group>"; };
		'FORMCARDFILE000000000' = {isa = PBXFileReference; lastKnownFileType = sourcecode.swift; path = FormationCard.swift; sourceTree = "<group>"; };
		'FORMDETAILFILE0000000' = {isa = PBXFileReference; lastKnownFileType = sourcecode.swift; path = FormationDetailView.swift; sourceTree = "<group>"; };
		'FORMREPOFILE0000000' = {isa = PBXFileReference; lastKnownFileType = sourcecode.swift; path = FormationsRepository.swift; sourceTree = "<group>"; };
		'FORMVIEWFILE00000000000' = {isa = PBXFileReference; lastKnownFileType = sourcecode.swift; path = FormationsView.swift; sourceTree = "<group>"; };
		'FORMVMFILE0000000000' = {isa = PBXFileReference; lastKnownFileType = sourcecode.swift; path = FormationsViewModel.swift; sourceTree = "<group>"; };
		'FORMVMTESTFILE0000000' = {isa = PBXFileReference; lastKnownFileType = sourcecode.swift; path = FormationsViewModelTests.swift; sourceTree = "<group>"; };
		'FULLSCREENIMGFILE0000' = {isa = PBXFileReference; lastKnownFileType = sourcecode.swift; path = FullScreenImageViewer.swift; sourceTree = "<group>"; };
		'HIGHLIGHTCARDFILE00000' = {isa = PBXFileReference; lastKnownFileType = sourcecode.swift; path = HighlightCard.swift; sourceTree = "<group>"; };
		'HOMEVIEWFILE00000000000' = {isa = PBXFileReference; lastKnownFileType = sourcecode.swift; path = HomeView.swift; sourceTree = "<group>"; };
		'HOMEVIEWMODELFILE00000' = {isa = PBXFileReference; lastKnownFileType = sourcecode.swift; path = HomeViewModel.swift; sourceTree = "<group>"; };
		'HOMEVMTESTFILE00000000' = {isa = PBXFileReference; lastKnownFileType = sourcecode.swift; path = HomeViewModelTests.swift; sourceTree = "<group>"; };
		'INFOBADGEFILE00000000' = {isa = PBXFileReference; lastKnownFileType = sourcecode.swift; path = InfoBadge.swift; sourceTree = "<group>"; };
		'LOADINGVIEWFILE0000000' = {isa = PBXFileReference; lastKnownFileType = sourcecode.swift; path = LoadingView.swift; sourceTree = "<group>"; };
		'LOADSTATEFILE0000000000' = {isa = PBXFileReference; lastKnownFileType = sourcecode.swift; path = LoadingState.swift; sourceTree = "<group>"; };
		'MADICHATVIEWFILE0000' = {isa = PBXFileReference; lastKnownFileType = sourcecode.swift; path = MadiChatView.swift; sourceTree = "<group>"; };
		'MADICHATVMFILE000000' = {isa = PBXFileReference; lastKnownFileType = sourcecode.swift; path = MadiChatViewModel.swift; sourceTree = "<group>"; };
		'MADIFABFILE000000000' = {isa = PBXFileReference; lastKnownFileType = sourcecode.swift; path = MadiFAB.swift; sourceTree = "<group>"; };
		'MADIMSGFILE000000000' = {isa = PBXFileReference; lastKnownFileType = sourcecode.swift; path = MadiMessage.swift; sourceTree = "<group>"; };
		'MADISERVICEFILE00000' = {isa = PBXFileReference; lastKnownFileType = sourcecode.swift; path = MadiService.swift; sourceTree = "<group>"; };
		'MAINTABFILE000000000000' = {isa = PBXFileReference; lastKnownFileType = sourcecode.swift; path = MainTabView.swift; sourceTree = "<group>"; };
		'MAINTABTESTFILE0000000' = {isa = PBXFileReference; lastKnownFileType = sourcecode.swift; path = MainTabViewTests.swift; sourceTree = "<group>"; };
		'NAVCONTEXTFILE000000' = {isa = PBXFileReference; lastKnownFileType = sourcecode.swift; path = NavigationContext.swift; sourceTree = "<group>"; };
		'NOTIFSETTINGSFILE00' = {isa = PBXFileReference; lastKnownFileType = sourcecode.swift; path = NotificationSettingsView.swift; sourceTree = "<group>"; };
		'PERMPROMPTFILE00000' = {isa = PBXFileReference; lastKnownFileType = sourcecode.swift; path = PermissionPromptView.swift; sourceTree = "<group>"; };
		'PREREGVIEWFILE000000' = {isa = PBXFileReference; lastKnownFileType = sourcecode.swift; path = PreRegistrationView.swift; sourceTree = "<group>"; };
		'PREREGVMFILE00000000' = {isa = PBXFileReference; lastKnownFileType = sourcecode.swift; path = PreRegistrationViewModel.swift; sourceTree = "<group>"; };
		'PROGRESSPATHFILE00000' = {isa = PBXFileReference; lastKnownFileType = sourcecode.swift; path = ProgressPath.swift; sourceTree = "<group>"; };
		'PROGRESSPATHTESTFILE0' = {isa = PBXFileReference; lastKnownFileType = sourcecode.swift; path = ProgressPathTests.swift; sourceTree = "<group>"; };
		'PUSHSERVICEFILE0000' = {isa = PBXFileReference; lastKnownFileType = sourcecode.swift; path = PushNotificationService.swift; sourceTree = "<group>"; };
		'QUICKACCESSFILE0000000' = {isa = PBXFileReference; lastKnownFileType = sourcecode.swift; path = QuickAccessSection.swift; sourceTree = "<group>"; };
		'SETTINGSVIEWFILE0000' = {isa = PBXFileReference; lastKnownFileType = sourcecode.swift; path = SettingsView.swift; sourceTree = "<group>"; };
		'SPLASHVIEWFILE00000' = {isa = PBXFileReference; lastKnownFileType = sourcecode.swift; path = SplashView.swift; sourceTree = "<group>"; };
		'TEASERCAROUSELFILE000' = {isa = PBXFileReference; lastKnownFileType = sourcecode.swift; path = TeaserCarouselSection.swift; sourceTree = "<group>"; };
		'TESTTARGETPRODUCT00000' = {isa = PBXFileReference; explicitFileType = wrapper.cfbundle; includeInIndex = 0; path = MadiniaAppTests.xctest; sourceTree = BUILT_PRODUCTS_DIR; };
		'THEMEMANAGERFILE0000' = {isa = PBXFileReference; lastKnownFileType = sourcecode.swift; path = ThemeManager.swift; sourceTree = "<group>"; };
		'TOPRATEDCARDFILE00' = {isa = PBXFileReference; lastKnownFileType = sourcecode.swift; path = TopRatedCard.swift; sourceTree = "<group>"; };
		'TOPRATEDSECFILE000' = {isa = PBXFileReference; lastKnownFileType = sourcecode.swift; path = TopRatedSection.swift; sourceTree = "<group>"; };
		'UNIFIEDDETAILFILE0000' = {isa = PBXFileReference; lastKnownFileType = sourcecode.swift; path = UnifiedDetailView.swift; sourceTree = "<group>"; };
		'USERSPACEVIEWFILE000' = {isa = PBXFileReference; lastKnownFileType = sourcecode.swift; path = UserSpaceView.swift; sourceTree = "<group>"; };
		'WELCOMESECTIONFILE000' = {isa = PBXFileReference; lastKnownFileType = sourcecode.swift; path = WelcomeSection.swift; sourceTree = "<group>"; };
/* End PBXFileReference section */

/* Begin PBXFrameworksBuildPhase section */
		'FRAMEWORKS000000000000' = {
			isa = PBXFrameworksBuildPhase;
			buildActionMask = 2147483647;
			files = (
			);
			runOnlyForDeploymentPostprocessing = 0;
		};
		'TESTFRAMEWORKS0000000' = {
			isa = PBXFrameworksBuildPhase;
			buildActionMask = 2147483647;
			files = (
			);
			runOnlyForDeploymentPostprocessing = 0;
		};
/* End PBXFrameworksBuildPhase section */

/* Begin PBXGroup section */
		7F675963CD36484CB0CFB3A8 /* Search */ = {
			isa = PBXGroup;
			children = (
				E9D7F3BFA61A462F9A1421FF /* Components */,
				5D498316447A40F1BCD95A1A /* SearchView.swift */,
				1AABB2D1FCAE4F0584974B1C /* SearchViewModel.swift */,
				6183133022A04548810955CC /* CategoryListView.swift */,
				BBB02D656A044D26A0789F00 /* ServiceDetailView.swift */,
				ALLFORMATIONSFILE0000,
				7C73721984AE4C4D9B120091 /* AllServicesListView.swift */,
			);
			path = Search;
			sourceTree = "<group>";
		};
		A66666666666666666666666 = {
			isa = PBXGroup;
			children = (
				A77777777777777777777777 /* MadiniaApp */,
				TESTSGROUP0000000000000,
				A88888888888888888888888 /* Products */,
			);
			sourceTree = "<group>";
		};
		A77777777777777777777777 /* MadiniaApp */ = {
			isa = PBXGroup;
			children = (
				A22222222222222222222222 /* MadiniaApp.swift */,
				A44444444444444444444444 /* ContentView.swift */,
				APPDELEGATEFILE0000,
				ENTITLEMENTSFILE000,
				7802C29D2F25281B00EE8B5D /* Assets.xcassets */,
				MODELS0000000000000000,
				VIEWS00000000000000000,
				VIEWMODELS000000000000,
				SERVICES00000000000000,
				COMPONENTS000000000000,
				EXTENSIONS000000000000,
				UTILS00000000000000000,
				RESOURCES0000000000000,
			);
			name = MadiniaApp;
			sourceTree = "<group>";
		};
		A88888888888888888888888 /* Products */ = {
			isa = PBXGroup;
			children = (
				A55555555555555555555555 /* MadiniaApp.app */,
				TESTTARGETPRODUCT00000,
			);
			name = Products;
			sourceTree = "<group>";
		};
		'COMPONENTS000000000000' = {
			isa = PBXGroup;
			children = (
			);
			path = Components;
			sourceTree = "<group>";
		};
		'DETAILVIEWGROUP000000' = {
			isa = PBXGroup;
			children = (
				UNIFIEDDETAILFILE0000,
				FULLSCREENIMGFILE0000,
			);
			path = DetailView;
			sourceTree = "<group>";
		};
		E9D7F3BFA61A462F9A1421FF /* Components */ = {
			isa = PBXGroup;
			children = (
				7D014559F2844681BFBBA16E /* ServiceCard.swift */,
				C253FBE3FF0F4042BFF8302C /* SectionHeader.swift */,
				B1D3DCDFE34F48409F3F3A81 /* FormationRowCard.swift */,
				D27672990C3B42CCB1D283F0 /* SearchBar.swift */,
			);
			path = Components;
			sourceTree = "<group>";
		};
		'EXTENSIONS000000000000' = {
			isa = PBXGroup;
			children = (
			);
			path = Extensions;
			sourceTree = "<group>";
		};
		'MODELS0000000000000000' = {
			isa = PBXGroup;
			children = (
				FORMATIONFILE0000000000,
				ARTICLEFILE00000000000,
				LOADSTATEFILE0000000000,
				MADIMSGFILE000000000,
				3F77A683D12C49159C9B01BC /* Service.swift */,
			);
			path = Models;
			sourceTree = "<group>";
		};
		'RESOURCES0000000000000' = {
			isa = PBXGroup;
			children = (
			);
			path = Resources;
			sourceTree = "<group>";
		};
		'SERVICES00000000000000' = {
			isa = PBXGroup;
			children = (
				466E55312EFD4331B801A836 /* FavoritesService.swift */,
				APIERRORFILE00000000000,
				APISERVICEFILE000000000,
				SECRETSMANAGERFILE0000,
				APPDATAREPOFILE000000,
				CACHESERVICEFILE00000,
				NAVCONTEXTFILE000000,
				MADISERVICEFILE00000,
				PUSHSERVICEFILE0000,
				DEEPLINKSERVFILE000,
				FORMREPOFILE0000000,
				THEMEMANAGERFILE0000,
				90D64EDFBEA83B2F3D432B44 /* WhatsNewService.swift */,
			);
			path = Services;
			sourceTree = "<group>";
		};
		'TESTSGROUP0000000000000' = {
			isa = PBXGroup;
			children = (
				FORMATIONTESTFILE000000,
				APISERVICETESTFILE00000,
				MAINTABTESTFILE0000000,
				HOMEVMTESTFILE00000000,
				PROGRESSPATHTESTFILE0,
				FORMVMTESTFILE0000000,
			);
			path = MadiniaAppTests;
			sourceTree = "<group>";
		};
		'UTILS00000000000000000' = {
			isa = PBXGroup;
			children = (
				EMAILVALIDFILE000000,
			);
			path = Utils;
			sourceTree = "<group>";
		};
		'VIEWMODELS000000000000' = {
			isa = PBXGroup;
			children = (
				B78438CEFE60455485D725F3 /* SavedFormationsViewModel.swift */,
			);
			path = ViewModels;
			sourceTree = "<group>";
		};
		'VIEWS00000000000000000' = {
			isa = PBXGroup;
			children = (
				7F675963CD36484CB0CFB3A8 /* Search */,
				VIEWSHOME0000000000000,
				VIEWSFORMATIONS000000,
				VIEWSBLOG0000000000000,
				VIEWSCONTACT000000000,
				VIEWSMADI0000000000000,
				VIEWSUSERSPACE00000000,
				VIEWSSETTINGS0000000,
				VIEWSSHARED00000000000,
			);
			path = Views;
			sourceTree = "<group>";
		};
		'VIEWSBLOG0000000000000' = {
			isa = PBXGroup;
			children = (
				BLOGVIEWFILE00000000000,
				BLOGVMFILE0000000000,
				ARTICLEDETAILFILE0000,
				VIEWSBLOGCOMP0000000,
			);
			path = Blog;
			sourceTree = "<group>";
		};
		'VIEWSBLOGCOMP0000000' = {
			isa = PBXGroup;
			children = (
				ARTICLECARDFILE000000,
			);
			path = Components;
			sourceTree = "<group>";
		};
		'VIEWSCONTACT000000000' = {
			isa = PBXGroup;
			children = (
				CONTVIEWFILE00000000000,
				CONTACTVMFILE0000000,
			);
			path = Contact;
			sourceTree = "<group>";
		};
		'VIEWSFORMATIONS000000' = {
			isa = PBXGroup;
			children = (
				FORMVIEWFILE00000000000,
				FORMVMFILE0000000000,
				FORMDETAILFILE0000000,
				PREREGVIEWFILE000000,
				PREREGVMFILE00000000,
				VIEWSFORMCOMP0000000,
			);
			path = Formations;
			sourceTree = "<group>";
		};
		'VIEWSFORMCOMP0000000' = {
			isa = PBXGroup;
			children = (
				FORMCARDFILE000000000,
			);
			path = Components;
			sourceTree = "<group>";
		};
		'VIEWSHOME0000000000000' = {
			isa = PBXGroup;
			children = (
				HOMEVIEWFILE00000000000,
				HOMEVIEWMODELFILE00000,
				CATGRIDVIEWFILE000,
				VIEWSHOMECOMP00000000,
			);
			path = Home;
			sourceTree = "<group>";
		};
		'VIEWSHOMECOMP00000000' = {
			isa = PBXGroup;
			children = (
				WELCOMESECTIONFILE000,
				TEASERCAROUSELFILE000,
				HIGHLIGHTCARDFILE00000,
				QUICKACCESSFILE0000000,
				PROGRESSPATHFILE00000,
				CATEGORYCARDFILE000,
				CATEGORYSECFILE0000,
				CATGRIDCARDFILE000,
				TOPRATEDCARDFILE00,
				TOPRATEDSECFILE000,
			);
			path = Components;
			sourceTree = "<group>";
		};
		'VIEWSMADI0000000000000' = {
			isa = PBXGroup;
			children = (
				MADICHATVIEWFILE0000,
				MADICHATVMFILE000000,
				3C111D8DAAA40A220EC343BF /* MadiniaHubView.swift */,
				VIEWSMADICOMP0000000,
			);
			path = Madi;
			sourceTree = "<group>";
		};
		'VIEWSMADICOMP0000000' = {
			isa = PBXGroup;
			children = (
				MADIFABFILE000000000,
			);
			path = Components;
			sourceTree = "<group>";
		};
		'VIEWSSETTINGS0000000' = {
			isa = PBXGroup;
			children = (
				NOTIFSETTINGSFILE00,
				APPEARANCESETTFILE00,
				SETTINGSVIEWFILE0000,
				78C74B18ADD267417F296DFF /* WhatsNewView.swift */,
			);
			path = Settings;
			sourceTree = "<group>";
		};
		'VIEWSSHARED00000000000' = {
			isa = PBXGroup;
			children = (
				DETAILVIEWGROUP000000,
				MAINTABFILE000000000000,
				LOADINGVIEWFILE0000000,
				'CACHEDIMGFILE00000',
				ERRORVIEWFILE0000000000,
				COLORHEXFILE000000000,
				INFOBADGEFILE00000000,
				CATEGORYCHIPFILE0000,
				PERMPROMPTFILE00000,
				DESIGNSYSTEMFILE000,
				SPLASHVIEWFILE00000,
				APPROOTVIEWFILE000,
			);
			path = Shared;
			sourceTree = "<group>";
		};
		'VIEWSUSERSPACE00000000' = {
			isa = PBXGroup;
			children = (
				EEEF31CFE1B54B64B1C9632B /* SavedFormationsView.swift */,
				USERSPACEVIEWFILE000,
			);
			path = UserSpace;
			sourceTree = "<group>";
		};
/* End PBXGroup section */

/* Begin PBXNativeTarget section */
		A99999999999999999999999 /* MadiniaApp */ = {
			isa = PBXNativeTarget;
			buildConfigurationList = CONFIGLIST00000000000;
			buildPhases = (
				SOURCES0000000000000000,
				FRAMEWORKS000000000000,
				RESOURCES1000000000000,
			);
			buildRules = (
			);
			dependencies = (
			);
			name = MadiniaApp;
			productName = MadiniaApp;
			productReference = A55555555555555555555555 /* MadiniaApp.app */;
			productType = "com.apple.product-type.application";
		};
		'TESTTARGET0000000000000' = {
			isa = PBXNativeTarget;
			buildConfigurationList = TESTCONFIGLIST0000000;
			buildPhases = (
				TESTSOURCES00000000000,
				TESTFRAMEWORKS0000000,
				TESTRESOURCES00000000,
			);
			buildRules = (
			);
			dependencies = (
				TESTTARGETDEP000000000,
			);
			name = MadiniaAppTests;
			productName = MadiniaAppTests;
			productReference = TESTTARGETPRODUCT00000;
			productType = "com.apple.product-type.bundle.unit-test";
		};
/* End PBXNativeTarget section */

/* Begin PBXProject section */
		'PROJECTROOT000000000000' = {
			isa = PBXProject;
			attributes = {
				BuildIndependentTargetsInParallel = 1;
				LastSwiftUpdateCheck = 1500;
				LastUpgradeCheck = 1500;
				TargetAttributes = {
					A99999999999999999999999 = {
						CreatedOnToolsVersion = 15.0;
					};
					TESTTARGET0000000000000 = {
						CreatedOnToolsVersion = 15.0;
						TestTargetID = A99999999999999999999999;
					};
				};
			};
			buildConfigurationList = PROJECTCONFIG0000000;
			compatibilityVersion = "Xcode 14.0";
			developmentRegion = fr;
			hasScannedForEncodings = 0;
			knownRegions = (
				en,
				Base,
				fr,
			);
			mainGroup = A66666666666666666666666;
			productRefGroup = A88888888888888888888888 /* Products */;
			projectDirPath = "";
			projectRoot = "";
			targets = (
				A99999999999999999999999 /* MadiniaApp */,
				TESTTARGET0000000000000,
			);
		};
/* End PBXProject section */

/* Begin PBXResourcesBuildPhase section */
		'RESOURCES1000000000000' = {
			isa = PBXResourcesBuildPhase;
			buildActionMask = 2147483647;
			files = (
				7802C29E2F25281B00EE8B5D /* Assets.xcassets in Resources */,
			);
			runOnlyForDeploymentPostprocessing = 0;
		};
		'TESTRESOURCES00000000' = {
			isa = PBXResourcesBuildPhase;
			buildActionMask = 2147483647;
			files = (
			);
			runOnlyForDeploymentPostprocessing = 0;
		};
/* End PBXResourcesBuildPhase section */

/* Begin PBXSourcesBuildPhase section */
		'SOURCES0000000000000000' = {
			isa = PBXSourcesBuildPhase;
			buildActionMask = 2147483647;
			files = (
				8D3BF7B2358241BEB78E6069 /* Views/UserSpace/MyPreRegistrationsView.swift in Sources */,
				83ECEFB2D96349D7B60F1E53 /* ViewModels/MyPreRegistrationsViewModel.swift in Sources */,
				74ADBB69B67E440599A5D0A1 /* Services/PreRegistrationsService.swift in Sources */,
				B348C4CE47024C2DBAA7444A /* Models/PreRegistration.swift in Sources */,
				69F0DABE1A1A44B2A391906B /* AllServicesListView.swift in Sources */,
				B7CDF691054E454FA0AFA335 /* FavoritesService.swift in Sources */,
				CB31545E9DF24F888D55BA95 /* SavedFormationsViewModel.swift in Sources */,
				217C8F16F8C246BD992013C2 /* SavedFormationsView.swift in Sources */,
				A11111111111111111111111 /* MadiniaApp.swift in Sources */,
				A33333333333333333333333 /* ContentView.swift in Sources */,
				HOMEVIEWBUILD0000000000,
				HOMEVIEWMODELBUILD0000,
				WELCOMESECTIONBUILD00,
				HIGHLIGHTCARDBUILD0000,
				QUICKACCESSBUILD000000,
				LOADINGVIEWBUILD000000,
				'CACHEDIMGBUILD0000',
				ERRORVIEWBUILD000000000,
				FORMVIEWBUILD0000000000,
				BLOGVIEWBUILD0000000000,
				CONTVIEWBUILD0000000000,
				MAINTABBUILD00000000000,
				FORMATIONBUILD000000000,
				LOADSTATEBUILD000000000,
				APIERRORBUILD0000000000,
				APISERVICEBUILD00000000,
				'SECRETSMANAGERBUILD000',
				APPDATAREPOBUILD00000,
				CACHESERVICEBUILD0000,
				PROGRESSPATHBUILD0000,
				FORMVMFILEBUILD000000,
				FORMCARDBUILD00000000,
				FORMDETAILBUILD000000,
				PREREGVIEWBUILD00000,
				PREREGVMBUILD0000000,
				EMAILVALIDBUILD00000,
				COLORHEXBUILD00000000,
				INFOBADGEBUILD0000000,
				CATEGORYCHIPBUILD000,
				ARTICLEBUILD0000000000,
				BLOGVMBUILD0000000000,
				ARTICLECARDBUILD00000,
				ARTICLEDETAILBUILD000,
				NAVCONTEXTBUILD00000,
				CONTACTVMBUILD000000,
				MADIMSGBUILD00000000,
				MADISERVICEBUILD0000,
				MADICHATVMBUILD00000,
				120D914AC37DA0B3BB2093EA /* MadiniaHubView.swift in Sources */,
				MADIFABBUILD00000000,
				MADICHATVIEWBUILD00,
				PUSHSERVICEBUILD000,
				NOTIFSETTINGSBUILD0,
				PERMPROMPTBUILD0000,
				APPDELEGATEBUILD000,
				DEEPLINKSERVBUILD00,
				DESIGNSYSTEMBUILD00,
				FORMREPOBUILD000000,
				CATEGORYCARDBUILD00,
				CATEGORYSECBUILD000,
				CATGRIDCARDBUILD00,
				CATGRIDVIEWBUILD00,
				TOPRATEDCARDBUILD0,
				TOPRATEDSECBUILD00,
				SPLASHVIEWBUILD0000,
				APPROOTVIEWBUILD00,
				787FE2E2847049AF8BF794F8 /* Service.swift in Sources */,
				8D4009FECA844FC4898C72BA /* SearchView.swift in Sources */,
				4F5CF21489ED4D3B91C9168A /* SearchViewModel.swift in Sources */,
				A5BA44DE02E14CA29F52FABB /* CategoryListView.swift in Sources */,
				36B78635747049BFA5AB1A9D /* ServiceDetailView.swift in Sources */,
				9CDBDDF55D8D49A7B70A7FAB /* ServiceCard.swift in Sources */,
				BB7138A4957A4D56BA0AA952 /* SectionHeader.swift in Sources */,
				A8F7E8E079BF4CC1B341A115 /* FormationRowCard.swift in Sources */,
				E938F1489C664B0886221C5D /* SearchBar.swift in Sources */,
				UNIFIEDDETAILBUILD000,
				FULLSCREENIMGBUILD000,
				ALLFORMATIONSBUILD000,
				THEMEMANAGERBUILD000,
				APPEARANCESETTBUILD0,
				SETTINGSVIEWBUILD000,
				TEASERCAROUSELBUILD00,
				USERSPACEVIEWBUILD00,
				D148476D9791FA5CB58144EE /* WhatsNewService.swift in Sources */,
				87314FFCBC84AAFE8F8CAD68 /* WhatsNewView.swift in Sources */,
			);
			runOnlyForDeploymentPostprocessing = 0;
		};
		'TESTSOURCES00000000000' = {
			isa = PBXSourcesBuildPhase;
			buildActionMask = 2147483647;
			files = (
				FORMATIONTESTBUILD00000,
				APISERVICETESTBUILD000,
				MAINTABTESTBUILD000000,
				HOMEVMTESTBUILD0000000,
				PROGRESSPATHTESTBUILD,
				FORMVMTESTBUILD000000,
			);
			runOnlyForDeploymentPostprocessing = 0;
		};
/* End PBXSourcesBuildPhase section */

/* Begin PBXTargetDependency section */
		'TESTTARGETDEP000000000' = {
			isa = PBXTargetDependency;
			target = A99999999999999999999999 /* MadiniaApp */;
			targetProxy = TESTCONTAINERPROXY0000;
		};
/* End PBXTargetDependency section */

/* Begin XCBuildConfiguration section */
		'DEBUGCONFIG0000000000' = {
			isa = XCBuildConfiguration;
			buildSettings = {
				ALWAYS_SEARCH_USER_PATHS = NO;
				ASSETCATALOG_COMPILER_GENERATE_SWIFT_ASSET_SYMBOL_EXTENSIONS = YES;
				CLANG_ANALYZER_NONNULL = YES;
				CLANG_ANALYZER_NUMBER_OBJECT_CONVERSION = YES_AGGRESSIVE;
				CLANG_CXX_LANGUAGE_STANDARD = "gnu++20";
				CLANG_ENABLE_MODULES = YES;
				CLANG_ENABLE_OBJC_ARC = YES;
				CLANG_ENABLE_OBJC_WEAK = YES;
				CLANG_WARN_BLOCK_CAPTURE_AUTORELEASING = YES;
				CLANG_WARN_BOOL_CONVERSION = YES;
				CLANG_WARN_COMMA = YES;
				CLANG_WARN_CONSTANT_CONVERSION = YES;
				CLANG_WARN_DEPRECATED_OBJC_IMPLEMENTATIONS = YES;
				CLANG_WARN_DIRECT_OBJC_ISA_USAGE = YES_ERROR;
				CLANG_WARN_DOCUMENTATION_COMMENTS = YES;
				CLANG_WARN_EMPTY_BODY = YES;
				CLANG_WARN_ENUM_CONVERSION = YES;
				CLANG_WARN_INFINITE_RECURSION = YES;
				CLANG_WARN_INT_CONVERSION = YES;
				CLANG_WARN_NON_LITERAL_NULL_CONVERSION = YES;
				CLANG_WARN_OBJC_IMPLICIT_RETAIN_SELF = YES;
				CLANG_WARN_OBJC_LITERAL_CONVERSION = YES;
				CLANG_WARN_OBJC_ROOT_CLASS = YES_ERROR;
				CLANG_WARN_QUOTED_INCLUDE_IN_FRAMEWORK_HEADER = YES;
				CLANG_WARN_RANGE_LOOP_ANALYSIS = YES;
				CLANG_WARN_STRICT_PROTOTYPES = YES;
				CLANG_WARN_SUSPICIOUS_MOVE = YES;
				CLANG_WARN_UNGUARDED_AVAILABILITY = YES_AGGRESSIVE;
				CLANG_WARN_UNREACHABLE_CODE = YES;
				CLANG_WARN__DUPLICATE_METHOD_MATCH = YES;
				COPY_PHASE_STRIP = NO;
				DEBUG_INFORMATION_FORMAT = dwarf;
				ENABLE_STRICT_OBJC_MSGSEND = YES;
				ENABLE_TESTABILITY = YES;
				ENABLE_USER_SCRIPT_SANDBOXING = YES;
				GCC_C_LANGUAGE_STANDARD = gnu17;
				GCC_DYNAMIC_NO_PIC = NO;
				GCC_NO_COMMON_BLOCKS = YES;
				GCC_OPTIMIZATION_LEVEL = 0;
				GCC_PREPROCESSOR_DEFINITIONS = (
					"DEBUG=1",
					"$(inherited)",
				);
				GCC_WARN_64_TO_32_BIT_CONVERSION = YES;
				GCC_WARN_ABOUT_RETURN_TYPE = YES_ERROR;
				GCC_WARN_UNDECLARED_SELECTOR = YES;
				GCC_WARN_UNINITIALIZED_AUTOS = YES_AGGRESSIVE;
				GCC_WARN_UNUSED_FUNCTION = YES;
				GCC_WARN_UNUSED_VARIABLE = YES;
				IPHONEOS_DEPLOYMENT_TARGET = 17.0;
				LOCALIZATION_PREFERS_STRING_CATALOGS = YES;
				MTL_ENABLE_DEBUG_INFO = INCLUDE_SOURCE;
				MTL_FAST_MATH = YES;
				ONLY_ACTIVE_ARCH = YES;
				SDKROOT = iphoneos;
				SWIFT_ACTIVE_COMPILATION_CONDITIONS = "DEBUG $(inherited)";
				SWIFT_OPTIMIZATION_LEVEL = "-Onone";
			};
			name = Debug;
		};
		'RELEASECONFIG000000000' = {
			isa = XCBuildConfiguration;
			buildSettings = {
				ALWAYS_SEARCH_USER_PATHS = NO;
				ASSETCATALOG_COMPILER_GENERATE_SWIFT_ASSET_SYMBOL_EXTENSIONS = YES;
				CLANG_ANALYZER_NONNULL = YES;
				CLANG_ANALYZER_NUMBER_OBJECT_CONVERSION = YES_AGGRESSIVE;
				CLANG_CXX_LANGUAGE_STANDARD = "gnu++20";
				CLANG_ENABLE_MODULES = YES;
				CLANG_ENABLE_OBJC_ARC = YES;
				CLANG_ENABLE_OBJC_WEAK = YES;
				CLANG_WARN_BLOCK_CAPTURE_AUTORELEASING = YES;
				CLANG_WARN_BOOL_CONVERSION = YES;
				CLANG_WARN_COMMA = YES;
				CLANG_WARN_CONSTANT_CONVERSION = YES;
				CLANG_WARN_DEPRECATED_OBJC_IMPLEMENTATIONS = YES;
				CLANG_WARN_DIRECT_OBJC_ISA_USAGE = YES_ERROR;
				CLANG_WARN_DOCUMENTATION_COMMENTS = YES;
				CLANG_WARN_EMPTY_BODY = YES;
				CLANG_WARN_ENUM_CONVERSION = YES;
				CLANG_WARN_INFINITE_RECURSION = YES;
				CLANG_WARN_INT_CONVERSION = YES;
				CLANG_WARN_NON_LITERAL_NULL_CONVERSION = YES;
				CLANG_WARN_OBJC_IMPLICIT_RETAIN_SELF = YES;
				CLANG_WARN_OBJC_LITERAL_CONVERSION = YES;
				CLANG_WARN_OBJC_ROOT_CLASS = YES_ERROR;
				CLANG_WARN_QUOTED_INCLUDE_IN_FRAMEWORK_HEADER = YES;
				CLANG_WARN_RANGE_LOOP_ANALYSIS = YES;
				CLANG_WARN_STRICT_PROTOTYPES = YES;
				CLANG_WARN_SUSPICIOUS_MOVE = YES;
				CLANG_WARN_UNGUARDED_AVAILABILITY = YES_AGGRESSIVE;
				CLANG_WARN_UNREACHABLE_CODE = YES;
				CLANG_WARN__DUPLICATE_METHOD_MATCH = YES;
				COPY_PHASE_STRIP = NO;
				DEBUG_INFORMATION_FORMAT = "dwarf-with-dsym";
				ENABLE_NS_ASSERTIONS = NO;
				ENABLE_STRICT_OBJC_MSGSEND = YES;
				ENABLE_USER_SCRIPT_SANDBOXING = YES;
				GCC_C_LANGUAGE_STANDARD = gnu17;
				GCC_NO_COMMON_BLOCKS = YES;
				GCC_WARN_64_TO_32_BIT_CONVERSION = YES;
				GCC_WARN_ABOUT_RETURN_TYPE = YES_ERROR;
				GCC_WARN_UNDECLARED_SELECTOR = YES;
				GCC_WARN_UNINITIALIZED_AUTOS = YES_AGGRESSIVE;
				GCC_WARN_UNUSED_FUNCTION = YES;
				GCC_WARN_UNUSED_VARIABLE = YES;
				IPHONEOS_DEPLOYMENT_TARGET = 17.0;
				LOCALIZATION_PREFERS_STRING_CATALOGS = YES;
				MTL_ENABLE_DEBUG_INFO = NO;
				MTL_FAST_MATH = YES;
				SDKROOT = iphoneos;
				SWIFT_COMPILATION_MODE = wholemodule;
				VALIDATE_PRODUCT = YES;
			};
			name = Release;
		};
		'TARGETDEBUG0000000000' = {
			isa = XCBuildConfiguration;
			buildSettings = {
				ASSETCATALOG_COMPILER_APPICON_NAME = AppIcon;
				ASSETCATALOG_COMPILER_GLOBAL_ACCENT_COLOR_NAME = AccentColor;
				CODE_SIGN_ENTITLEMENTS = MadiniaApp.entitlements;
				CODE_SIGN_STYLE = Automatic;
				CURRENT_PROJECT_VERSION = 2;
				DEVELOPMENT_ASSET_PATHS = "";
				DEVELOPMENT_TEAM = 7Q6MN7W987;
				ENABLE_PREVIEWS = YES;
				GENERATE_INFOPLIST_FILE = YES;
				INFOPLIST_KEY_CFBundleDisplayName = Madin.IA;
				INFOPLIST_KEY_LSApplicationCategoryType = "public.app-category.education";
				INFOPLIST_KEY_UIApplicationSceneManifest_Generation = YES;
				INFOPLIST_KEY_UIApplicationSupportsIndirectInputEvents = YES;
				INFOPLIST_KEY_UILaunchScreen_Generation = YES;
				INFOPLIST_KEY_UISupportedInterfaceOrientations = UIInterfaceOrientationPortrait;
				INFOPLIST_KEY_UISupportedInterfaceOrientations_iPad = "UIInterfaceOrientationLandscapeLeft UIInterfaceOrientationLandscapeRight UIInterfaceOrientationPortrait UIInterfaceOrientationPortraitUpsideDown";
				LD_RUNPATH_SEARCH_PATHS = (
					"$(inherited)",
					"@executable_path/Frameworks",
				);
				MARKETING_VERSION = 0.1.2;
				PRODUCT_BUNDLE_IDENTIFIER = fr.madinia.MadiniaApp;
				PRODUCT_NAME = "$(TARGET_NAME)";
				SUPPORTED_PLATFORMS = "iphoneos iphonesimulator";
				SUPPORTS_MACCATALYST = NO;
				SUPPORTS_MAC_DESIGNED_FOR_IPHONE_IPAD = NO;
				SUPPORTS_XR_DESIGNED_FOR_IPHONE_IPAD = NO;
				SWIFT_EMIT_LOC_STRINGS = YES;
				SWIFT_VERSION = 5.0;
				TARGETED_DEVICE_FAMILY = "1,2";
			};
			name = Debug;
		};
		'TARGETRELEASE000000000' = {
			isa = XCBuildConfiguration;
			buildSettings = {
				ASSETCATALOG_COMPILER_APPICON_NAME = AppIcon;
				ASSETCATALOG_COMPILER_GLOBAL_ACCENT_COLOR_NAME = AccentColor;
				CODE_SIGN_ENTITLEMENTS = MadiniaApp.entitlements;
				CODE_SIGN_STYLE = Automatic;
				CURRENT_PROJECT_VERSION = 2;
				DEVELOPMENT_ASSET_PATHS = "";
				DEVELOPMENT_TEAM = 7Q6MN7W987;
				ENABLE_PREVIEWS = YES;
				GENERATE_INFOPLIST_FILE = YES;
				INFOPLIST_KEY_CFBundleDisplayName = Madin.IA;
				INFOPLIST_KEY_LSApplicationCategoryType = "public.app-category.education";
				INFOPLIST_KEY_UIApplicationSceneManifest_Generation = YES;
				INFOPLIST_KEY_UIApplicationSupportsIndirectInputEvents = YES;
				INFOPLIST_KEY_UILaunchScreen_Generation = YES;
				INFOPLIST_KEY_UISupportedInterfaceOrientations = UIInterfaceOrientationPortrait;
				INFOPLIST_KEY_UISupportedInterfaceOrientations_iPad = "UIInterfaceOrientationLandscapeLeft UIInterfaceOrientationLandscapeRight UIInterfaceOrientationPortrait UIInterfaceOrientationPortraitUpsideDown";
				LD_RUNPATH_SEARCH_PATHS = (
					"$(inherited)",
					"@executable_path/Frameworks",
				);
				MARKETING_VERSION = 0.1.2;
				PRODUCT_BUNDLE_IDENTIFIER = fr.madinia.MadiniaApp;
				PRODUCT_NAME = "$(TARGET_NAME)";
				SUPPORTED_PLATFORMS = "iphoneos iphonesimulator";
				SUPPORTS_MACCATALYST = NO;
				SUPPORTS_MAC_DESIGNED_FOR_IPHONE_IPAD = NO;
				SUPPORTS_XR_DESIGNED_FOR_IPHONE_IPAD = NO;
				SWIFT_EMIT_LOC_STRINGS = YES;
				SWIFT_VERSION = 5.0;
				TARGETED_DEVICE_FAMILY = "1,2";
			};
			name = Release;
		};
		'TESTTARGETDEBUG0000000' = {
			isa = XCBuildConfiguration;
			buildSettings = {
				BUNDLE_LOADER = "$(TEST_HOST)";
				CODE_SIGN_STYLE = Automatic;
				CURRENT_PROJECT_VERSION = 2;
				GENERATE_INFOPLIST_FILE = YES;
				IPHONEOS_DEPLOYMENT_TARGET = 17.0;
				MARKETING_VERSION = 1.0;
				PRODUCT_BUNDLE_IDENTIFIER = fr.madinia.MadiniaAppTests;
				PRODUCT_NAME = "$(TARGET_NAME)";
				SWIFT_EMIT_LOC_STRINGS = NO;
				SWIFT_VERSION = 5.0;
				TARGETED_DEVICE_FAMILY = "1,2";
				TEST_HOST = "$(BUILT_PRODUCTS_DIR)/MadiniaApp.app/$(BUNDLE_EXECUTABLE_FOLDER_PATH)/MadiniaApp";
			};
			name = Debug;
		};
		'TESTTARGETRELEASE00000' = {
			isa = XCBuildConfiguration;
			buildSettings = {
				BUNDLE_LOADER = "$(TEST_HOST)";
				CODE_SIGN_STYLE = Automatic;
				CURRENT_PROJECT_VERSION = 2;
				GENERATE_INFOPLIST_FILE = YES;
				IPHONEOS_DEPLOYMENT_TARGET = 17.0;
				MARKETING_VERSION = 1.0;
				PRODUCT_BUNDLE_IDENTIFIER = fr.madinia.MadiniaAppTests;
				PRODUCT_NAME = "$(TARGET_NAME)";
				SWIFT_EMIT_LOC_STRINGS = NO;
				SWIFT_VERSION = 5.0;
				TARGETED_DEVICE_FAMILY = "1,2";
				TEST_HOST = "$(BUILT_PRODUCTS_DIR)/MadiniaApp.app/$(BUNDLE_EXECUTABLE_FOLDER_PATH)/MadiniaApp";
			};
			name = Release;
		};
/* End XCBuildConfiguration section */

/* Begin XCConfigurationList section */
		'CONFIGLIST00000000000' = {
			isa = XCConfigurationList;
			buildConfigurations = (
				TARGETDEBUG0000000000,
				TARGETRELEASE000000000,
			);
			defaultConfigurationIsVisible = 0;
			defaultConfigurationName = Release;
		};
		'PROJECTCONFIG0000000' = {
			isa = XCConfigurationList;
			buildConfigurations = (
				DEBUGCONFIG0000000000,
				RELEASECONFIG000000000,
			);
			defaultConfigurationIsVisible = 0;
			defaultConfigurationName = Release;
		};
		'TESTCONFIGLIST0000000' = {
			isa = XCConfigurationList;
			buildConfigurations = (
				TESTTARGETDEBUG0000000,
				TESTTARGETRELEASE00000,
			);
			defaultConfigurationIsVisible = 0;
			defaultConfigurationName = Release;
		};
/* End XCConfigurationList section */
	};
	rootObject = PROJECTROOT000000000000;
}
